// !$*UTF8*$!
{
	archiveVersion = 1;
	classes = {
	};
	objectVersion = 46;
	objects = {

/* Begin PBXBuildFile section */
		5BAF0D941D5CBD2A002DE5D5 /* HospitalEmployees.swift in Sources */ = {isa = PBXBuildFile; fileRef = 5BAF0D931D5CBD2A002DE5D5 /* HospitalEmployees.swift */; };
		5BAF0D961D5CBF2E002DE5D5 /* School.swift in Sources */ = {isa = PBXBuildFile; fileRef = 5BAF0D951D5CBF2E002DE5D5 /* School.swift */; };
		5BAF0D981D5CC330002DE5D5 /* SchoolEmployees.swift in Sources */ = {isa = PBXBuildFile; fileRef = 5BAF0D971D5CC330002DE5D5 /* SchoolEmployees.swift */; };
		7DADE3441D3FCDFC00792225 /* AppDelegate.swift in Sources */ = {isa = PBXBuildFile; fileRef = 7DADE3431D3FCDFC00792225 /* AppDelegate.swift */; };
		7DADE3461D3FCDFC00792225 /* ViewController.swift in Sources */ = {isa = PBXBuildFile; fileRef = 7DADE3451D3FCDFC00792225 /* ViewController.swift */; };
		7DADE3491D3FCDFC00792225 /* Main.storyboard in Resources */ = {isa = PBXBuildFile; fileRef = 7DADE3471D3FCDFC00792225 /* Main.storyboard */; };
		7DADE34B1D3FCDFC00792225 /* Assets.xcassets in Resources */ = {isa = PBXBuildFile; fileRef = 7DADE34A1D3FCDFC00792225 /* Assets.xcassets */; };
		7DADE34E1D3FCDFC00792225 /* LaunchScreen.storyboard in Resources */ = {isa = PBXBuildFile; fileRef = 7DADE34C1D3FCDFC00792225 /* LaunchScreen.storyboard */; };
		7DADE3591D3FCDFC00792225 /* HospitalTests.swift in Sources */ = {isa = PBXBuildFile; fileRef = 7DADE3581D3FCDFC00792225 /* HospitalTests.swift */; };
		C4D0758E187CD6FD620C3971 /* Pods_Hospital.framework in Frameworks */ = {isa = PBXBuildFile; fileRef = 916C6C63C2C01372F5D58346 /* Pods_Hospital.framework */; };
		E9AA88DABC6B445A41C9D22D /* Pods_HospitalTests.framework in Frameworks */ = {isa = PBXBuildFile; fileRef = A1B0176B9B123EB98D669DB9 /* Pods_HospitalTests.framework */; };
/* End PBXBuildFile section */

/* Begin PBXContainerItemProxy section */
		7DADE3551D3FCDFC00792225 /* PBXContainerItemProxy */ = {
			isa = PBXContainerItemProxy;
			containerPortal = 7DADE3381D3FCDFC00792225 /* Project object */;
			proxyType = 1;
			remoteGlobalIDString = 7DADE33F1D3FCDFC00792225;
			remoteInfo = Hospital;
		};
/* End PBXContainerItemProxy section */

/* Begin PBXFileReference section */
		0B00896DBD1B57C535C401DC /* Pods-Hospital.release.xcconfig */ = {isa = PBXFileReference; includeInIndex = 1; lastKnownFileType = text.xcconfig; name = "Pods-Hospital.release.xcconfig"; path = "Pods/Target Support Files/Pods-Hospital/Pods-Hospital.release.xcconfig"; sourceTree = "<group>"; };
		545046D8834607434FAA0043 /* Pods-HospitalTests.release.xcconfig */ = {isa = PBXFileReference; includeInIndex = 1; lastKnownFileType = text.xcconfig; name = "Pods-HospitalTests.release.xcconfig"; path = "Pods/Target Support Files/Pods-HospitalTests/Pods-HospitalTests.release.xcconfig"; sourceTree = "<group>"; };
		5BAF0D931D5CBD2A002DE5D5 /* HospitalEmployees.swift */ = {isa = PBXFileReference; fileEncoding = 4; lastKnownFileType = sourcecode.swift; path = HospitalEmployees.swift; sourceTree = "<group>"; };
		5BAF0D951D5CBF2E002DE5D5 /* School.swift */ = {isa = PBXFileReference; fileEncoding = 4; lastKnownFileType = sourcecode.swift; path = School.swift; sourceTree = "<group>"; };
		5BAF0D971D5CC330002DE5D5 /* SchoolEmployees.swift */ = {isa = PBXFileReference; fileEncoding = 4; lastKnownFileType = sourcecode.swift; path = SchoolEmployees.swift; sourceTree = "<group>"; };
		6D30BA327E0A023C9798D581 /* Pods-HospitalTests.debug.xcconfig */ = {isa = PBXFileReference; includeInIndex = 1; lastKnownFileType = text.xcconfig; name = "Pods-HospitalTests.debug.xcconfig"; path = "Pods/Target Support Files/Pods-HospitalTests/Pods-HospitalTests.debug.xcconfig"; sourceTree = "<group>"; };
		7DADE3401D3FCDFC00792225 /* Hospital.app */ = {isa = PBXFileReference; explicitFileType = wrapper.application; includeInIndex = 0; path = Hospital.app; sourceTree = BUILT_PRODUCTS_DIR; };
		7DADE3431D3FCDFC00792225 /* AppDelegate.swift */ = {isa = PBXFileReference; lastKnownFileType = sourcecode.swift; path = AppDelegate.swift; sourceTree = "<group>"; };
		7DADE3451D3FCDFC00792225 /* ViewController.swift */ = {isa = PBXFileReference; lastKnownFileType = sourcecode.swift; path = ViewController.swift; sourceTree = "<group>"; };
		7DADE3481D3FCDFC00792225 /* Base */ = {isa = PBXFileReference; lastKnownFileType = file.storyboard; name = Base; path = Base.lproj/Main.storyboard; sourceTree = "<group>"; };
		7DADE34A1D3FCDFC00792225 /* Assets.xcassets */ = {isa = PBXFileReference; lastKnownFileType = folder.assetcatalog; path = Assets.xcassets; sourceTree = "<group>"; };
		7DADE34D1D3FCDFC00792225 /* Base */ = {isa = PBXFileReference; lastKnownFileType = file.storyboard; name = Base; path = Base.lproj/LaunchScreen.storyboard; sourceTree = "<group>"; };
		7DADE34F1D3FCDFC00792225 /* Info.plist */ = {isa = PBXFileReference; lastKnownFileType = text.plist.xml; path = Info.plist; sourceTree = "<group>"; };
		7DADE3541D3FCDFC00792225 /* HospitalTests.xctest */ = {isa = PBXFileReference; explicitFileType = wrapper.cfbundle; includeInIndex = 0; path = HospitalTests.xctest; sourceTree = BUILT_PRODUCTS_DIR; };
		7DADE3581D3FCDFC00792225 /* HospitalTests.swift */ = {isa = PBXFileReference; lastKnownFileType = sourcecode.swift; path = HospitalTests.swift; sourceTree = "<group>"; };
		7DADE35A1D3FCDFC00792225 /* Info.plist */ = {isa = PBXFileReference; lastKnownFileType = text.plist.xml; path = Info.plist; sourceTree = "<group>"; };
		916C6C63C2C01372F5D58346 /* Pods_Hospital.framework */ = {isa = PBXFileReference; explicitFileType = wrapper.framework; includeInIndex = 0; path = Pods_Hospital.framework; sourceTree = BUILT_PRODUCTS_DIR; };
		A1B0176B9B123EB98D669DB9 /* Pods_HospitalTests.framework */ = {isa = PBXFileReference; explicitFileType = wrapper.framework; includeInIndex = 0; path = Pods_HospitalTests.framework; sourceTree = BUILT_PRODUCTS_DIR; };
		F7A500CEFEE464199F4501D9 /* Pods-Hospital.debug.xcconfig */ = {isa = PBXFileReference; includeInIndex = 1; lastKnownFileType = text.xcconfig; name = "Pods-Hospital.debug.xcconfig"; path = "Pods/Target Support Files/Pods-Hospital/Pods-Hospital.debug.xcconfig"; sourceTree = "<group>"; };
/* End PBXFileReference section */

/* Begin PBXFrameworksBuildPhase section */
		7DADE33D1D3FCDFC00792225 /* Frameworks */ = {
			isa = PBXFrameworksBuildPhase;
			buildActionMask = 2147483647;
			files = (
				C4D0758E187CD6FD620C3971 /* Pods_Hospital.framework in Frameworks */,
			);
			runOnlyForDeploymentPostprocessing = 0;
		};
		7DADE3511D3FCDFC00792225 /* Frameworks */ = {
			isa = PBXFrameworksBuildPhase;
			buildActionMask = 2147483647;
			files = (
				E9AA88DABC6B445A41C9D22D /* Pods_HospitalTests.framework in Frameworks */,
			);
			runOnlyForDeploymentPostprocessing = 0;
		};
/* End PBXFrameworksBuildPhase section */

/* Begin PBXGroup section */
		7DADE3371D3FCDFC00792225 = {
			isa = PBXGroup;
			children = (
				7DADE3421D3FCDFC00792225 /* Hospital */,
				7DADE3571D3FCDFC00792225 /* HospitalTests */,
				7DADE3411D3FCDFC00792225 /* Products */,
				EA535C6F93A44A086E4A41DB /* Pods */,
				FFE13743E79839FA504382C6 /* Frameworks */,
			);
			sourceTree = "<group>";
		};
		7DADE3411D3FCDFC00792225 /* Products */ = {
			isa = PBXGroup;
			children = (
				7DADE3401D3FCDFC00792225 /* Hospital.app */,
				7DADE3541D3FCDFC00792225 /* HospitalTests.xctest */,
			);
			name = Products;
			sourceTree = "<group>";
		};
		7DADE3421D3FCDFC00792225 /* Hospital */ = {
			isa = PBXGroup;
			children = (
				5BAF0D931D5CBD2A002DE5D5 /* HospitalEmployees.swift */,
				7DADE3431D3FCDFC00792225 /* AppDelegate.swift */,
				7DADE3451D3FCDFC00792225 /* ViewController.swift */,
				7DADE3471D3FCDFC00792225 /* Main.storyboard */,
				7DADE34A1D3FCDFC00792225 /* Assets.xcassets */,
				7DADE34C1D3FCDFC00792225 /* LaunchScreen.storyboard */,
				7DADE34F1D3FCDFC00792225 /* Info.plist */,
				5BAF0D951D5CBF2E002DE5D5 /* School.swift */,
				5BAF0D971D5CC330002DE5D5 /* SchoolEmployees.swift */,
			);
			path = Hospital;
			sourceTree = "<group>";
		};
		7DADE3571D3FCDFC00792225 /* HospitalTests */ = {
			isa = PBXGroup;
			children = (
				7DADE3581D3FCDFC00792225 /* HospitalTests.swift */,
				7DADE35A1D3FCDFC00792225 /* Info.plist */,
			);
			path = HospitalTests;
			sourceTree = "<group>";
		};
		EA535C6F93A44A086E4A41DB /* Pods */ = {
			isa = PBXGroup;
			children = (
				F7A500CEFEE464199F4501D9 /* Pods-Hospital.debug.xcconfig */,
				0B00896DBD1B57C535C401DC /* Pods-Hospital.release.xcconfig */,
				6D30BA327E0A023C9798D581 /* Pods-HospitalTests.debug.xcconfig */,
				545046D8834607434FAA0043 /* Pods-HospitalTests.release.xcconfig */,
			);
			name = Pods;
			sourceTree = "<group>";
		};
		FFE13743E79839FA504382C6 /* Frameworks */ = {
			isa = PBXGroup;
			children = (
				916C6C63C2C01372F5D58346 /* Pods_Hospital.framework */,
				A1B0176B9B123EB98D669DB9 /* Pods_HospitalTests.framework */,
			);
			name = Frameworks;
			sourceTree = "<group>";
		};
/* End PBXGroup section */

/* Begin PBXNativeTarget section */
		7DADE33F1D3FCDFC00792225 /* Hospital */ = {
			isa = PBXNativeTarget;
			buildConfigurationList = 7DADE35D1D3FCDFC00792225 /* Build configuration list for PBXNativeTarget "Hospital" */;
			buildPhases = (
				9DA242E45CE5B0E2842BAF2E /* [CP] Check Pods Manifest.lock */,
				7DADE33C1D3FCDFC00792225 /* Sources */,
				7DADE33D1D3FCDFC00792225 /* Frameworks */,
				7DADE33E1D3FCDFC00792225 /* Resources */,
				78636BAB270C982011DFEF2F /* [CP] Embed Pods Frameworks */,
				A2E76454BF6A7D2C82EBA1BE /* [CP] Copy Pods Resources */,
			);
			buildRules = (
			);
			dependencies = (
			);
			name = Hospital;
			productName = Hospital;
			productReference = 7DADE3401D3FCDFC00792225 /* Hospital.app */;
			productType = "com.apple.product-type.application";
		};
		7DADE3531D3FCDFC00792225 /* HospitalTests */ = {
			isa = PBXNativeTarget;
			buildConfigurationList = 7DADE3601D3FCDFC00792225 /* Build configuration list for PBXNativeTarget "HospitalTests" */;
			buildPhases = (
				1F6658BCD91415DE1BC77AB5 /* [CP] Check Pods Manifest.lock */,
				7DADE3501D3FCDFC00792225 /* Sources */,
				7DADE3511D3FCDFC00792225 /* Frameworks */,
				7DADE3521D3FCDFC00792225 /* Resources */,
				5698BB7890CEB603792D42BF /* [CP] Embed Pods Frameworks */,
				B5062631F57F5073B9CBAB3A /* [CP] Copy Pods Resources */,
			);
			buildRules = (
			);
			dependencies = (
				7DADE3561D3FCDFC00792225 /* PBXTargetDependency */,
			);
			name = HospitalTests;
			productName = HospitalTests;
			productReference = 7DADE3541D3FCDFC00792225 /* HospitalTests.xctest */;
			productType = "com.apple.product-type.bundle.unit-test";
		};
/* End PBXNativeTarget section */

/* Begin PBXProject section */
		7DADE3381D3FCDFC00792225 /* Project object */ = {
			isa = PBXProject;
			attributes = {
				LastSwiftUpdateCheck = 0730;
				LastUpgradeCheck = 0730;
				ORGANIZATIONNAME = "Gamesmith, LLC";
				TargetAttributes = {
					7DADE33F1D3FCDFC00792225 = {
						CreatedOnToolsVersion = 7.3.1;
					};
					7DADE3531D3FCDFC00792225 = {
						CreatedOnToolsVersion = 7.3.1;
						TestTargetID = 7DADE33F1D3FCDFC00792225;
					};
				};
			};
			buildConfigurationList = 7DADE33B1D3FCDFC00792225 /* Build configuration list for PBXProject "Hospital" */;
			compatibilityVersion = "Xcode 3.2";
			developmentRegion = English;
			hasScannedForEncodings = 0;
			knownRegions = (
				en,
				Base,
			);
			mainGroup = 7DADE3371D3FCDFC00792225;
			productRefGroup = 7DADE3411D3FCDFC00792225 /* Products */;
			projectDirPath = "";
			projectRoot = "";
			targets = (
				7DADE33F1D3FCDFC00792225 /* Hospital */,
				7DADE3531D3FCDFC00792225 /* HospitalTests */,
			);
		};
/* End PBXProject section */

/* Begin PBXResourcesBuildPhase section */
		7DADE33E1D3FCDFC00792225 /* Resources */ = {
			isa = PBXResourcesBuildPhase;
			buildActionMask = 2147483647;
			files = (
				7DADE34E1D3FCDFC00792225 /* LaunchScreen.storyboard in Resources */,
				7DADE34B1D3FCDFC00792225 /* Assets.xcassets in Resources */,
				7DADE3491D3FCDFC00792225 /* Main.storyboard in Resources */,
			);
			runOnlyForDeploymentPostprocessing = 0;
		};
		7DADE3521D3FCDFC00792225 /* Resources */ = {
			isa = PBXResourcesBuildPhase;
			buildActionMask = 2147483647;
			files = (
			);
			runOnlyForDeploymentPostprocessing = 0;
		};
/* End PBXResourcesBuildPhase section */

/* Begin PBXShellScriptBuildPhase section */
		1F6658BCD91415DE1BC77AB5 /* [CP] Check Pods Manifest.lock */ = {
			isa = PBXShellScriptBuildPhase;
			buildActionMask = 2147483647;
			files = (
			);
			inputPaths = (
			);
			name = "[CP] Check Pods Manifest.lock";
			outputPaths = (
			);
			runOnlyForDeploymentPostprocessing = 0;
			shellPath = /bin/sh;
			shellScript = "diff \"${PODS_ROOT}/../Podfile.lock\" \"${PODS_ROOT}/Manifest.lock\" > /dev/null\nif [[ $? != 0 ]] ; then\n    cat << EOM\nerror: The sandbox is not in sync with the Podfile.lock. Run 'pod install' or update your CocoaPods installation.\nEOM\n    exit 1\nfi\n";
			showEnvVarsInLog = 0;
		};
		5698BB7890CEB603792D42BF /* [CP] Embed Pods Frameworks */ = {
			isa = PBXShellScriptBuildPhase;
			buildActionMask = 2147483647;
			files = (
			);
			inputPaths = (
			);
			name = "[CP] Embed Pods Frameworks";
			outputPaths = (
			);
			runOnlyForDeploymentPostprocessing = 0;
			shellPath = /bin/sh;
			shellScript = "\"${SRCROOT}/Pods/Target Support Files/Pods-HospitalTests/Pods-HospitalTests-frameworks.sh\"\n";
			showEnvVarsInLog = 0;
		};
		78636BAB270C982011DFEF2F /* [CP] Embed Pods Frameworks */ = {
			isa = PBXShellScriptBuildPhase;
			buildActionMask = 2147483647;
			files = (
			);
			inputPaths = (
			);
			name = "[CP] Embed Pods Frameworks";
			outputPaths = (
			);
			runOnlyForDeploymentPostprocessing = 0;
			shellPath = /bin/sh;
			shellScript = "\"${SRCROOT}/Pods/Target Support Files/Pods-Hospital/Pods-Hospital-frameworks.sh\"\n";
			showEnvVarsInLog = 0;
		};
		9DA242E45CE5B0E2842BAF2E /* [CP] Check Pods Manifest.lock */ = {
			isa = PBXShellScriptBuildPhase;
			buildActionMask = 2147483647;
			files = (
			);
			inputPaths = (
			);
			name = "[CP] Check Pods Manifest.lock";
			outputPaths = (
			);
			runOnlyForDeploymentPostprocessing = 0;
			shellPath = /bin/sh;
			shellScript = "diff \"${PODS_ROOT}/../Podfile.lock\" \"${PODS_ROOT}/Manifest.lock\" > /dev/null\nif [[ $? != 0 ]] ; then\n    cat << EOM\nerror: The sandbox is not in sync with the Podfile.lock. Run 'pod install' or update your CocoaPods installation.\nEOM\n    exit 1\nfi\n";
			showEnvVarsInLog = 0;
		};
		A2E76454BF6A7D2C82EBA1BE /* [CP] Copy Pods Resources */ = {
			isa = PBXShellScriptBuildPhase;
			buildActionMask = 2147483647;
			files = (
			);
			inputPaths = (
			);
			name = "[CP] Copy Pods Resources";
			outputPaths = (
			);
			runOnlyForDeploymentPostprocessing = 0;
			shellPath = /bin/sh;
			shellScript = "\"${SRCROOT}/Pods/Target Support Files/Pods-Hospital/Pods-Hospital-resources.sh\"\n";
			showEnvVarsInLog = 0;
		};
		B5062631F57F5073B9CBAB3A /* [CP] Copy Pods Resources */ = {
			isa = PBXShellScriptBuildPhase;
			buildActionMask = 2147483647;
			files = (
			);
			inputPaths = (
			);
			name = "[CP] Copy Pods Resources";
			outputPaths = (
			);
			runOnlyForDeploymentPostprocessing = 0;
			shellPath = /bin/sh;
			shellScript = "\"${SRCROOT}/Pods/Target Support Files/Pods-HospitalTests/Pods-HospitalTests-resources.sh\"\n";
			showEnvVarsInLog = 0;
		};
/* End PBXShellScriptBuildPhase section */

/* Begin PBXSourcesBuildPhase section */
		7DADE33C1D3FCDFC00792225 /* Sources */ = {
			isa = PBXSourcesBuildPhase;
			buildActionMask = 2147483647;
			files = (
				7DADE3461D3FCDFC00792225 /* ViewController.swift in Sources */,
				5BAF0D941D5CBD2A002DE5D5 /* HospitalEmployees.swift in Sources */,
				5BAF0D981D5CC330002DE5D5 /* SchoolEmployees.swift in Sources */,
				7DADE3441D3FCDFC00792225 /* AppDelegate.swift in Sources */,
				5BAF0D961D5CBF2E002DE5D5 /* School.swift in Sources */,
			);
			runOnlyForDeploymentPostprocessing = 0;
		};
		7DADE3501D3FCDFC00792225 /* Sources */ = {
			isa = PBXSourcesBuildPhase;
			buildActionMask = 2147483647;
			files = (
				7DADE3591D3FCDFC00792225 /* HospitalTests.swift in Sources */,
			);
			runOnlyForDeploymentPostprocessing = 0;
		};
/* End PBXSourcesBuildPhase section */

/* Begin PBXTargetDependency section */
		7DADE3561D3FCDFC00792225 /* PBXTargetDependency */ = {
			isa = PBXTargetDependency;
			target = 7DADE33F1D3FCDFC00792225 /* Hospital */;
			targetProxy = 7DADE3551D3FCDFC00792225 /* PBXContainerItemProxy */;
		};
/* End PBXTargetDependency section */

/* Begin PBXVariantGroup section */
		7DADE3471D3FCDFC00792225 /* Main.storyboard */ = {
			isa = PBXVariantGroup;
			children = (
				7DADE3481D3FCDFC00792225 /* Base */,
			);
			name = Main.storyboard;
			sourceTree = "<group>";
		};
		7DADE34C1D3FCDFC00792225 /* LaunchScreen.storyboard */ = {
			isa = PBXVariantGroup;
			children = (
				7DADE34D1D3FCDFC00792225 /* Base */,
			);
			name = LaunchScreen.storyboard;
			sourceTree = "<group>";
		};
/* End PBXVariantGroup section */

/* Begin XCBuildConfiguration section */
		7DADE35B1D3FCDFC00792225 /* Debug */ = {
			isa = XCBuildConfiguration;
			buildSettings = {
				ALWAYS_SEARCH_USER_PATHS = NO;
				CLANG_ANALYZER_NONNULL = YES;
				CLANG_CXX_LANGUAGE_STANDARD = "gnu++0x";
				CLANG_CXX_LIBRARY = "libc++";
				CLANG_ENABLE_MODULES = YES;
				CLANG_ENABLE_OBJC_ARC = YES;
				CLANG_WARN_BOOL_CONVERSION = YES;
				CLANG_WARN_CONSTANT_CONVERSION = YES;
				CLANG_WARN_DIRECT_OBJC_ISA_USAGE = YES_ERROR;
				CLANG_WARN_EMPTY_BODY = YES;
				CLANG_WARN_ENUM_CONVERSION = YES;
				CLANG_WARN_INT_CONVERSION = YES;
				CLANG_WARN_OBJC_ROOT_CLASS = YES_ERROR;
				CLANG_WARN_UNREACHABLE_CODE = YES;
				CLANG_WARN__DUPLICATE_METHOD_MATCH = YES;
				"CODE_SIGN_IDENTITY[sdk=iphoneos*]" = "iPhone Developer";
				COPY_PHASE_STRIP = NO;
				DEBUG_INFORMATION_FORMAT = dwarf;
				ENABLE_STRICT_OBJC_MSGSEND = YES;
				ENABLE_TESTABILITY = YES;
				GCC_C_LANGUAGE_STANDARD = gnu99;
				GCC_DYNAMIC_NO_PIC = NO;
				GCC_NO_COMMON_BLOCKS = YES;
				GCC_OPTIMIZATION_LEVEL = 0;
				GCC_PREPROCESSOR_DEFINITIONS = (
					"DEBUG=1",
					"$(inherited)",
				);
				GCC_WARN_64_TO_32_BIT_CONVERSION = YES;
				GCC_WARN_ABOUT_RETURN_TYPE = YES_ERROR;
				GCC_WARN_UNDECLARED_SELECTOR = YES;
				GCC_WARN_UNINITIALIZED_AUTOS = YES_AGGRESSIVE;
				GCC_WARN_UNUSED_FUNCTION = YES;
				GCC_WARN_UNUSED_VARIABLE = YES;
				IPHONEOS_DEPLOYMENT_TARGET = 9.3;
				MTL_ENABLE_DEBUG_INFO = YES;
				ONLY_ACTIVE_ARCH = YES;
				SDKROOT = iphoneos;
				SWIFT_OPTIMIZATION_LEVEL = "-Onone";
			};
			name = Debug;
		};
		7DADE35C1D3FCDFC00792225 /* Release */ = {
			isa = XCBuildConfiguration;
			buildSettings = {
				ALWAYS_SEARCH_USER_PATHS = NO;
				CLANG_ANALYZER_NONNULL = YES;
				CLANG_CXX_LANGUAGE_STANDARD = "gnu++0x";
				CLANG_CXX_LIBRARY = "libc++";
				CLANG_ENABLE_MODULES = YES;
				CLANG_ENABLE_OBJC_ARC = YES;
				CLANG_WARN_BOOL_CONVERSION = YES;
				CLANG_WARN_CONSTANT_CONVERSION = YES;
				CLANG_WARN_DIRECT_OBJC_ISA_USAGE = YES_ERROR;
				CLANG_WARN_EMPTY_BODY = YES;
				CLANG_WARN_ENUM_CONVERSION = YES;
				CLANG_WARN_INT_CONVERSION = YES;
				CLANG_WARN_OBJC_ROOT_CLASS = YES_ERROR;
				CLANG_WARN_UNREACHABLE_CODE = YES;
				CLANG_WARN__DUPLICATE_METHOD_MATCH = YES;
				"CODE_SIGN_IDENTITY[sdk=iphoneos*]" = "iPhone Developer";
				COPY_PHASE_STRIP = NO;
				DEBUG_INFORMATION_FORMAT = "dwarf-with-dsym";
				ENABLE_NS_ASSERTIONS = NO;
				ENABLE_STRICT_OBJC_MSGSEND = YES;
				GCC_C_LANGUAGE_STANDARD = gnu99;
				GCC_NO_COMMON_BLOCKS = YES;
				GCC_WARN_64_TO_32_BIT_CONVERSION = YES;
				GCC_WARN_ABOUT_RETURN_TYPE = YES_ERROR;
				GCC_WARN_UNDECLARED_SELECTOR = YES;
				GCC_WARN_UNINITIALIZED_AUTOS = YES_AGGRESSIVE;
				GCC_WARN_UNUSED_FUNCTION = YES;
				GCC_WARN_UNUSED_VARIABLE = YES;
				IPHONEOS_DEPLOYMENT_TARGET = 9.3;
				MTL_ENABLE_DEBUG_INFO = NO;
				SDKROOT = iphoneos;
				VALIDATE_PRODUCT = YES;
			};
			name = Release;
		};
		7DADE35E1D3FCDFC00792225 /* Debug */ = {
			isa = XCBuildConfiguration;
			baseConfigurationReference = F7A500CEFEE464199F4501D9 /* Pods-Hospital.debug.xcconfig */;
			buildSettings = {
				ASSETCATALOG_COMPILER_APPICON_NAME = AppIcon;
				INFOPLIST_FILE = Hospital/Info.plist;
				LD_RUNPATH_SEARCH_PATHS = "$(inherited) @executable_path/Frameworks";
				PRODUCT_BUNDLE_IDENTIFIER = com.Gamesmith.Swift.Hospital;
				PRODUCT_NAME = "$(TARGET_NAME)";
			};
			name = Debug;
		};
		7DADE35F1D3FCDFC00792225 /* Release */ = {
			isa = XCBuildConfiguration;
			baseConfigurationReference = 0B00896DBD1B57C535C401DC /* Pods-Hospital.release.xcconfig */;
			buildSettings = {
				ASSETCATALOG_COMPILER_APPICON_NAME = AppIcon;
				INFOPLIST_FILE = Hospital/Info.plist;
				LD_RUNPATH_SEARCH_PATHS = "$(inherited) @executable_path/Frameworks";
				PRODUCT_BUNDLE_IDENTIFIER = com.Gamesmith.Swift.Hospital;
				PRODUCT_NAME = "$(TARGET_NAME)";
			};
			name = Release;
		};
		7DADE3611D3FCDFC00792225 /* Debug */ = {
			isa = XCBuildConfiguration;
			baseConfigurationReference = 6D30BA327E0A023C9798D581 /* Pods-HospitalTests.debug.xcconfig */;
			buildSettings = {
				BUNDLE_LOADER = "$(TEST_HOST)";
				INFOPLIST_FILE = HospitalTests/Info.plist;
				LD_RUNPATH_SEARCH_PATHS = "$(inherited) @executable_path/Frameworks @loader_path/Frameworks";
				PRODUCT_BUNDLE_IDENTIFIER = com.Gamesmith.Swift.HospitalTests;
				PRODUCT_NAME = "$(TARGET_NAME)";
				TEST_HOST = "$(BUILT_PRODUCTS_DIR)/Hospital.app/Hospital";
			};
			name = Debug;
		};
		7DADE3621D3FCDFC00792225 /* Release */ = {
			isa = XCBuildConfiguration;
			baseConfigurationReference = 545046D8834607434FAA0043 /* Pods-HospitalTests.release.xcconfig */;
			buildSettings = {
				BUNDLE_LOADER = "$(TEST_HOST)";
				INFOPLIST_FILE = HospitalTests/Info.plist;
				LD_RUNPATH_SEARCH_PATHS = "$(inherited) @executable_path/Frameworks @loader_path/Frameworks";
				PRODUCT_BUNDLE_IDENTIFIER = com.Gamesmith.Swift.HospitalTests;
				PRODUCT_NAME = "$(TARGET_NAME)";
				TEST_HOST = "$(BUILT_PRODUCTS_DIR)/Hospital.app/Hospital";
			};
			name = Release;
		};
/* End XCBuildConfiguration section */

/* Begin XCConfigurationList section */
		7DADE33B1D3FCDFC00792225 /* Build configuration list for PBXProject "Hospital" */ = {
			isa = XCConfigurationList;
			buildConfigurations = (
				7DADE35B1D3FCDFC00792225 /* Debug */,
				7DADE35C1D3FCDFC00792225 /* Release */,
			);
			defaultConfigurationIsVisible = 0;
			defaultConfigurationName = Release;
		};
		7DADE35D1D3FCDFC00792225 /* Build configuration list for PBXNativeTarget "Hospital" */ = {
			isa = XCConfigurationList;
			buildConfigurations = (
				7DADE35E1D3FCDFC00792225 /* Debug */,
				7DADE35F1D3FCDFC00792225 /* Release */,
			);
			defaultConfigurationIsVisible = 0;
			defaultConfigurationName = Release;
		};
		7DADE3601D3FCDFC00792225 /* Build configuration list for PBXNativeTarget "HospitalTests" */ = {
			isa = XCConfigurationList;
			buildConfigurations = (
				7DADE3611D3FCDFC00792225 /* Debug */,
				7DADE3621D3FCDFC00792225 /* Release */,
			);
			defaultConfigurationIsVisible = 0;
			defaultConfigurationName = Release;
		};
/* End XCConfigurationList section */
	};
	rootObject = 7DADE3381D3FCDFC00792225 /* Project object */;
}
